Microsoft Visual Studio Solution File, Format Version 12.00
# Visual Studio Version 17
VisualStudioVersion = 17.5.2.0
MinimumVisualStudioVersion = 10.0.40219.1
Project("{FAE04EC0-301F-11D3-BF4B-00C04F79EFBC}") = "cw2_solution.xunit", "cw2_solution.xunit.csproj", "{7480E93D-321D-A911-C715-8611829F02AF}"
EndProject
Global
	GlobalSection(SolutionConfigurationPlatforms) = preSolution
		Debug|Any CPU = Debug|Any CPU
		Release|Any CPU = Release|Any CPU
	EndGlobalSection
	GlobalSection(ProjectConfigurationPlatforms) = postSolution
		{7480E93D-321D-A911-C715-8611829F02AF}.Debug|Any CPU.ActiveCfg = Debug|Any CPU
		{7480E93D-321D-A911-C715-8611829F02AF}.Debug|Any CPU.Build.0 = Debug|Any CPU
		{7480E93D-321D-A911-C715-8611829F02AF}.Release|Any CPU.ActiveCfg = Release|Any CPU
		{7480E93D-321D-A911-C715-8611829F02AF}.Release|Any CPU.Build.0 = Release|Any CPU
	EndGlobalSection
	GlobalSection(SolutionProperties) = preSolution
		HideSolutionNode = FALSE
	EndGlobalSection
	GlobalSection(ExtensibilityGlobals) = postSolution
		SolutionGuid = {605BB223-7657-4847-A5E5-E981F35EBBE0}
	EndGlobalSection
EndGlobal
