Microsoft Visual Studio Solution File, Format Version 12.00
# Visual Studio Version 17
VisualStudioVersion = 17.5.2.0
MinimumVisualStudioVersion = 10.0.40219.1
Project("{FAE04EC0-301F-11D3-BF4B-00C04F79EFBC}") = "js_test", "js_test.csproj", "{B4825CA3-BE00-6F20-3B9C-1607DCDBD059}"
EndProject
Global
	GlobalSection(SolutionConfigurationPlatforms) = preSolution
		Debug|Any CPU = Debug|Any CPU
		Release|Any CPU = Release|Any CPU
	EndGlobalSection
	GlobalSection(ProjectConfigurationPlatforms) = postSolution
		{B4825CA3-BE00-6F20-3B9C-1607DCDBD059}.Debug|Any CPU.ActiveCfg = Debug|Any CPU
		{B4825CA3-BE00-6F20-3B9C-1607DCDBD059}.Debug|Any CPU.Build.0 = Debug|Any CPU
		{B4825CA3-BE00-6F20-3B9C-1607DCDBD059}.Release|Any CPU.ActiveCfg = Release|Any CPU
		{B4825CA3-BE00-6F20-3B9C-1607DCDBD059}.Release|Any CPU.Build.0 = Release|Any CPU
	EndGlobalSection
	GlobalSection(SolutionProperties) = preSolution
		HideSolutionNode = FALSE
	EndGlobalSection
	GlobalSection(ExtensibilityGlobals) = postSolution
		SolutionGuid = {7C46B995-10A9-47A1-AB32-C5BEFB5FB980}
	EndGlobalSection
EndGlobal
