
Microsoft Visual Studio Solution File, Format Version 12.00
# Visual Studio Version 17
VisualStudioVersion = 17.14.36429.23
MinimumVisualStudioVersion = 10.0.40219.1
Project("{FAE04EC0-301F-11D3-BF4B-00C04F79EFBC}") = "Nwd.ClassLib", "Nwd.ClassLib\Nwd.ClassLib.csproj", "{F1F1B4A2-2402-4645-8FC0-41ACE5DAB2FC}"
EndProject
Project("{FAE04EC0-301F-11D3-BF4B-00C04F79EFBC}") = "Nwd.UnitTests", "Nwd.UnitTests\Nwd.UnitTests.csproj", "{E73B2DC8-0C75-4C2B-AC88-9CF0CDCAD644}"
EndProject
Project("{FAE04EC0-301F-11D3-BF4B-00C04F79EFBC}") = "Nwd.ConsoleApp", "Nwd.ConsoleApp\Nwd.ConsoleApp.csproj", "{F569FBFE-5745-4361-925F-2022C923436F}"
EndProject
Project("{FAE04EC0-301F-11D3-BF4B-00C04F79EFBC}") = "Nwd.WinFormsApp", "Nwd.WinFormsApp\Nwd.WinFormsApp.csproj", "{4E852E64-AAE2-4EA7-801C-9E72639889C2}"
EndProject
Project("{FAE04EC0-301F-11D3-BF4B-00C04F79EFBC}") = "Nwd.MvcApp", "Nwd.MvcApp\Nwd.MvcApp.csproj", "{F13AB748-A379-4C86-B761-86F79494CBA5}"
EndProject
Project("{FAE04EC0-301F-11D3-BF4B-00C04F79EFBC}") = "Nwd.Api", "Nwd.Api\Nwd.Api.csproj", "{5FE9DAFA-2FB1-4D8B-A7CC-431B4DE4641C}"
EndProject
Global
	GlobalSection(SolutionConfigurationPlatforms) = preSolution
		Debug|Any CPU = Debug|Any CPU
		Debug|x64 = Debug|x64
		Debug|x86 = Debug|x86
		Release|Any CPU = Release|Any CPU
		Release|x64 = Release|x64
		Release|x86 = Release|x86
	EndGlobalSection
	GlobalSection(ProjectConfigurationPlatforms) = postSolution
		{F1F1B4A2-2402-4645-8FC0-41ACE5DAB2FC}.Debug|Any CPU.ActiveCfg = Debug|Any CPU
		{F1F1B4A2-2402-4645-8FC0-41ACE5DAB2FC}.Debug|Any CPU.Build.0 = Debug|Any CPU
		{F1F1B4A2-2402-4645-8FC0-41ACE5DAB2FC}.Debug|x64.ActiveCfg = Debug|Any CPU
		{F1F1B4A2-2402-4645-8FC0-41ACE5DAB2FC}.Debug|x64.Build.0 = Debug|Any CPU
		{F1F1B4A2-2402-4645-8FC0-41ACE5DAB2FC}.Debug|x86.ActiveCfg = Debug|Any CPU
		{F1F1B4A2-2402-4645-8FC0-41ACE5DAB2FC}.Debug|x86.Build.0 = Debug|Any CPU
		{F1F1B4A2-2402-4645-8FC0-41ACE5DAB2FC}.Release|Any CPU.ActiveCfg = Release|Any CPU
		{F1F1B4A2-2402-4645-8FC0-41ACE5DAB2FC}.Release|Any CPU.Build.0 = Release|Any CPU
		{F1F1B4A2-2402-4645-8FC0-41ACE5DAB2FC}.Release|x64.ActiveCfg = Release|Any CPU
		{F1F1B4A2-2402-4645-8FC0-41ACE5DAB2FC}.Release|x64.Build.0 = Release|Any CPU
		{F1F1B4A2-2402-4645-8FC0-41ACE5DAB2FC}.Release|x86.ActiveCfg = Release|Any CPU
		{F1F1B4A2-2402-4645-8FC0-41ACE5DAB2FC}.Release|x86.Build.0 = Release|Any CPU
		{E73B2DC8-0C75-4C2B-AC88-9CF0CDCAD644}.Debug|Any CPU.ActiveCfg = Debug|Any CPU
		{E73B2DC8-0C75-4C2B-AC88-9CF0CDCAD644}.Debug|Any CPU.Build.0 = Debug|Any CPU
		{E73B2DC8-0C75-4C2B-AC88-9CF0CDCAD644}.Debug|x64.ActiveCfg = Debug|Any CPU
		{E73B2DC8-0C75-4C2B-AC88-9CF0CDCAD644}.Debug|x64.Build.0 = Debug|Any CPU
		{E73B2DC8-0C75-4C2B-AC88-9CF0CDCAD644}.Debug|x86.ActiveCfg = Debug|Any CPU
		{E73B2DC8-0C75-4C2B-AC88-9CF0CDCAD644}.Debug|x86.Build.0 = Debug|Any CPU
		{E73B2DC8-0C75-4C2B-AC88-9CF0CDCAD644}.Release|Any CPU.ActiveCfg = Release|Any CPU
		{E73B2DC8-0C75-4C2B-AC88-9CF0CDCAD644}.Release|Any CPU.Build.0 = Release|Any CPU
		{E73B2DC8-0C75-4C2B-AC88-9CF0CDCAD644}.Release|x64.ActiveCfg = Release|Any CPU
		{E73B2DC8-0C75-4C2B-AC88-9CF0CDCAD644}.Release|x64.Build.0 = Release|Any CPU
		{E73B2DC8-0C75-4C2B-AC88-9CF0CDCAD644}.Release|x86.ActiveCfg = Release|Any CPU
		{E73B2DC8-0C75-4C2B-AC88-9CF0CDCAD644}.Release|x86.Build.0 = Release|Any CPU
		{F569FBFE-5745-4361-925F-2022C923436F}.Debug|Any CPU.ActiveCfg = Debug|Any CPU
		{F569FBFE-5745-4361-925F-2022C923436F}.Debug|Any CPU.Build.0 = Debug|Any CPU
		{F569FBFE-5745-4361-925F-2022C923436F}.Debug|x64.ActiveCfg = Debug|Any CPU
		{F569FBFE-5745-4361-925F-2022C923436F}.Debug|x64.Build.0 = Debug|Any CPU
		{F569FBFE-5745-4361-925F-2022C923436F}.Debug|x86.ActiveCfg = Debug|Any CPU
		{F569FBFE-5745-4361-925F-2022C923436F}.Debug|x86.Build.0 = Debug|Any CPU
		{F569FBFE-5745-4361-925F-2022C923436F}.Release|Any CPU.ActiveCfg = Release|Any CPU
		{F569FBFE-5745-4361-925F-2022C923436F}.Release|Any CPU.Build.0 = Release|Any CPU
		{F569FBFE-5745-4361-925F-2022C923436F}.Release|x64.ActiveCfg = Release|Any CPU
		{F569FBFE-5745-4361-925F-2022C923436F}.Release|x64.Build.0 = Release|Any CPU
		{F569FBFE-5745-4361-925F-2022C923436F}.Release|x86.ActiveCfg = Release|Any CPU
		{F569FBFE-5745-4361-925F-2022C923436F}.Release|x86.Build.0 = Release|Any CPU
		{4E852E64-AAE2-4EA7-801C-9E72639889C2}.Debug|Any CPU.ActiveCfg = Debug|Any CPU
		{4E852E64-AAE2-4EA7-801C-9E72639889C2}.Debug|Any CPU.Build.0 = Debug|Any CPU
		{4E852E64-AAE2-4EA7-801C-9E72639889C2}.Debug|x64.ActiveCfg = Debug|Any CPU
		{4E852E64-AAE2-4EA7-801C-9E72639889C2}.Debug|x64.Build.0 = Debug|Any CPU
		{4E852E64-AAE2-4EA7-801C-9E72639889C2}.Debug|x86.ActiveCfg = Debug|Any CPU
		{4E852E64-AAE2-4EA7-801C-9E72639889C2}.Debug|x86.Build.0 = Debug|Any CPU
		{4E852E64-AAE2-4EA7-801C-9E72639889C2}.Release|Any CPU.ActiveCfg = Release|Any CPU
		{4E852E64-AAE2-4EA7-801C-9E72639889C2}.Release|Any CPU.Build.0 = Release|Any CPU
		{4E852E64-AAE2-4EA7-801C-9E72639889C2}.Release|x64.ActiveCfg = Release|Any CPU
		{4E852E64-AAE2-4EA7-801C-9E72639889C2}.Release|x64.Build.0 = Release|Any CPU
		{4E852E64-AAE2-4EA7-801C-9E72639889C2}.Release|x86.ActiveCfg = Release|Any CPU
		{4E852E64-AAE2-4EA7-801C-9E72639889C2}.Release|x86.Build.0 = Release|Any CPU
		{F13AB748-A379-4C86-B761-86F79494CBA5}.Debug|Any CPU.ActiveCfg = Debug|Any CPU
		{F13AB748-A379-4C86-B761-86F79494CBA5}.Debug|Any CPU.Build.0 = Debug|Any CPU
		{F13AB748-A379-4C86-B761-86F79494CBA5}.Debug|x64.ActiveCfg = Debug|Any CPU
		{F13AB748-A379-4C86-B761-86F79494CBA5}.Debug|x64.Build.0 = Debug|Any CPU
		{F13AB748-A379-4C86-B761-86F79494CBA5}.Debug|x86.ActiveCfg = Debug|Any CPU
		{F13AB748-A379-4C86-B761-86F79494CBA5}.Debug|x86.Build.0 = Debug|Any CPU
		{F13AB748-A379-4C86-B761-86F79494CBA5}.Release|Any CPU.ActiveCfg = Release|Any CPU
		{F13AB748-A379-4C86-B761-86F79494CBA5}.Release|Any CPU.Build.0 = Release|Any CPU
		{F13AB748-A379-4C86-B761-86F79494CBA5}.Release|x64.ActiveCfg = Release|Any CPU
		{F13AB748-A379-4C86-B761-86F79494CBA5}.Release|x64.Build.0 = Release|Any CPU
		{F13AB748-A379-4C86-B761-86F79494CBA5}.Release|x86.ActiveCfg = Release|Any CPU
		{F13AB748-A379-4C86-B761-86F79494CBA5}.Release|x86.Build.0 = Release|Any CPU
		{5FE9DAFA-2FB1-4D8B-A7CC-431B4DE4641C}.Debug|Any CPU.ActiveCfg = Debug|Any CPU
		{5FE9DAFA-2FB1-4D8B-A7CC-431B4DE4641C}.Debug|Any CPU.Build.0 = Debug|Any CPU
		{5FE9DAFA-2FB1-4D8B-A7CC-431B4DE4641C}.Debug|x64.ActiveCfg = Debug|Any CPU
		{5FE9DAFA-2FB1-4D8B-A7CC-431B4DE4641C}.Debug|x64.Build.0 = Debug|Any CPU
		{5FE9DAFA-2FB1-4D8B-A7CC-431B4DE4641C}.Debug|x86.ActiveCfg = Debug|Any CPU
		{5FE9DAFA-2FB1-4D8B-A7CC-431B4DE4641C}.Debug|x86.Build.0 = Debug|Any CPU
		{5FE9DAFA-2FB1-4D8B-A7CC-431B4DE4641C}.Release|Any CPU.ActiveCfg = Release|Any CPU
		{5FE9DAFA-2FB1-4D8B-A7CC-431B4DE4641C}.Release|Any CPU.Build.0 = Release|Any CPU
		{5FE9DAFA-2FB1-4D8B-A7CC-431B4DE4641C}.Release|x64.ActiveCfg = Release|Any CPU
		{5FE9DAFA-2FB1-4D8B-A7CC-431B4DE4641C}.Release|x64.Build.0 = Release|Any CPU
		{5FE9DAFA-2FB1-4D8B-A7CC-431B4DE4641C}.Release|x86.ActiveCfg = Release|Any CPU
		{5FE9DAFA-2FB1-4D8B-A7CC-431B4DE4641C}.Release|x86.Build.0 = Release|Any CPU
	EndGlobalSection
	GlobalSection(SolutionProperties) = preSolution
		HideSolutionNode = FALSE
	EndGlobalSection
	GlobalSection(ExtensibilityGlobals) = postSolution
		SolutionGuid = {2891F5F8-AE26-44D0-98F1-25FE6A995615}
	EndGlobalSection
EndGlobal
