Microsoft Visual Studio Solution File, Format Version 12.00
# Visual Studio Version 17
VisualStudioVersion = 17.5.2.0
MinimumVisualStudioVersion = 10.0.40219.1
Project("{FAE04EC0-301F-11D3-BF4B-00C04F79EFBC}") = "Nwd.MvcApp", "Nwd.MvcApp.csproj", "{43A94FE0-0364-04CE-0F4B-CEC03BAD0154}"
EndProject
Global
	GlobalSection(SolutionConfigurationPlatforms) = preSolution
		Debug|Any CPU = Debug|Any CPU
		Release|Any CPU = Release|Any CPU
	EndGlobalSection
	GlobalSection(ProjectConfigurationPlatforms) = postSolution
		{43A94FE0-0364-04CE-0F4B-CEC03BAD0154}.Debug|Any CPU.ActiveCfg = Debug|Any CPU
		{43A94FE0-0364-04CE-0F4B-CEC03BAD0154}.Debug|Any CPU.Build.0 = Debug|Any CPU
		{43A94FE0-0364-04CE-0F4B-CEC03BAD0154}.Release|Any CPU.ActiveCfg = Release|Any CPU
		{43A94FE0-0364-04CE-0F4B-CEC03BAD0154}.Release|Any CPU.Build.0 = Release|Any CPU
	EndGlobalSection
	GlobalSection(SolutionProperties) = preSolution
		HideSolutionNode = FALSE
	EndGlobalSection
	GlobalSection(ExtensibilityGlobals) = postSolution
		SolutionGuid = {EE9C3F93-586B-4654-AAA0-7194CBA9D030}
	EndGlobalSection
EndGlobal
