Microsoft Visual Studio Solution File, Format Version 12.00
# Visual Studio Version 17
VisualStudioVersion = 17.5.2.0
MinimumVisualStudioVersion = 10.0.40219.1
Project("{FAE04EC0-301F-11D3-BF4B-00C04F79EFBC}") = "cw2_solution.web", "cw2_solution.web.csproj", "{CAFBAEC6-43C6-D738-EE7B-D1DB4996571F}"
EndProject
Global
	GlobalSection(SolutionConfigurationPlatforms) = preSolution
		Debug|Any CPU = Debug|Any CPU
		Release|Any CPU = Release|Any CPU
	EndGlobalSection
	GlobalSection(ProjectConfigurationPlatforms) = postSolution
		{CAFBAEC6-43C6-D738-EE7B-D1DB4996571F}.Debug|Any CPU.ActiveCfg = Debug|Any CPU
		{CAFBAEC6-43C6-D738-EE7B-D1DB4996571F}.Debug|Any CPU.Build.0 = Debug|Any CPU
		{CAFBAEC6-43C6-D738-EE7B-D1DB4996571F}.Release|Any CPU.ActiveCfg = Release|Any CPU
		{CAFBAEC6-43C6-D738-EE7B-D1DB4996571F}.Release|Any CPU.Build.0 = Release|Any CPU
	EndGlobalSection
	GlobalSection(SolutionProperties) = preSolution
		HideSolutionNode = FALSE
	EndGlobalSection
	GlobalSection(ExtensibilityGlobals) = postSolution
		SolutionGuid = {8573ED17-3D37-4E1E-8FF4-F7F84BD873BC}
	EndGlobalSection
EndGlobal
