
Microsoft Visual Studio Solution File, Format Version 12.00
# Visual Studio Version 17
VisualStudioVersion = 17.14.36429.23 d17.14
MinimumVisualStudioVersion = 10.0.40219.1
Project("{FAE04EC0-301F-11D3-BF4B-00C04F79EFBC}") = "WinFormsEFSqLite", "WinFormsEFSqLite\WinFormsEFSqLite.csproj", "{AD47CBCF-74B9-42A1-B0EA-9638B5D5289E}"
EndProject
Global
	GlobalSection(SolutionConfigurationPlatforms) = preSolution
		Debug|Any CPU = Debug|Any CPU
		Release|Any CPU = Release|Any CPU
	EndGlobalSection
	GlobalSection(ProjectConfigurationPlatforms) = postSolution
		{AD47CBCF-74B9-42A1-B0EA-9638B5D5289E}.Debug|Any CPU.ActiveCfg = Debug|Any CPU
		{AD47CBCF-74B9-42A1-B0EA-9638B5D5289E}.Debug|Any CPU.Build.0 = Debug|Any CPU
		{AD47CBCF-74B9-42A1-B0EA-9638B5D5289E}.Release|Any CPU.ActiveCfg = Release|Any CPU
		{AD47CBCF-74B9-42A1-B0EA-9638B5D5289E}.Release|Any CPU.Build.0 = Release|Any CPU
	EndGlobalSection
	GlobalSection(SolutionProperties) = preSolution
		HideSolutionNode = FALSE
	EndGlobalSection
	GlobalSection(ExtensibilityGlobals) = postSolution
		SolutionGuid = {1D6DAFDC-12AD-4E27-852E-3D15560465FC}
	EndGlobalSection
EndGlobal
